// !$*UTF8*$!
{
	archiveVersion = 1;
	classes = {
	};
	objectVersion = 55;
	objects = {

/* Begin PBXBuildFile section */
		1A99CC6C283F4B9600CB36B3 /* AppDelegate.swift in Sources */ = {isa = PBXBuildFile; fileRef = 1A99CC6B283F4B9600CB36B3 /* AppDelegate.swift */; };
		1A99CC6E283F4B9600CB36B3 /* SceneDelegate.swift in Sources */ = {isa = PBXBuildFile; fileRef = 1A99CC6D283F4B9600CB36B3 /* SceneDelegate.swift */; };
		1A99CC70283F4B9600CB36B3 /* MainViewController.swift in Sources */ = {isa = PBXBuildFile; fileRef = 1A99CC6F283F4B9600CB36B3 /* MainViewController.swift */; };
		1A99CC73283F4B9600CB36B3 /* Main.storyboard in Resources */ = {isa = PBXBuildFile; fileRef = 1A99CC71283F4B9600CB36B3 /* Main.storyboard */; };
		1A99CC75283F4B9B00CB36B3 /* Assets.xcassets in Resources */ = {isa = PBXBuildFile; fileRef = 1A99CC74283F4B9B00CB36B3 /* Assets.xcassets */; };
		1A99CC78283F4B9B00CB36B3 /* LaunchScreen.storyboard in Resources */ = {isa = PBXBuildFile; fileRef = 1A99CC76283F4B9B00CB36B3 /* LaunchScreen.storyboard */; };
		1A99CC92283F4D5B00CB36B3 /* InstantMock in Frameworks */ = {isa = PBXBuildFile; productRef = 1A99CC91283F4D5B00CB36B3 /* InstantMock */; };
		1A99CC97283F4F1200CB36B3 /* JSONService.swift in Sources */ = {isa = PBXBuildFile; fileRef = 1A99CC96283F4F1200CB36B3 /* JSONService.swift */; };
		1A99CC99283F514500CB36B3 /* League.swift in Sources */ = {isa = PBXBuildFile; fileRef = 1A99CC98283F514500CB36B3 /* League.swift */; };
		1A99CC9C283F51B900CB36B3 /* JSONServiceTests.swift in Sources */ = {isa = PBXBuildFile; fileRef = 1A99CC9B283F51B900CB36B3 /* JSONServiceTests.swift */; };
		1A99CC9F283F524600CB36B3 /* URLSessionMock.swift in Sources */ = {isa = PBXBuildFile; fileRef = 1A99CC9E283F524600CB36B3 /* URLSessionMock.swift */; };
		1A99CCA1283F527B00CB36B3 /* URLSessionDataTaskMock.swift in Sources */ = {isa = PBXBuildFile; fileRef = 1A99CCA0283F527B00CB36B3 /* URLSessionDataTaskMock.swift */; };
		1A99CCA3283F52BE00CB36B3 /* JSONDecoderMock.swift in Sources */ = {isa = PBXBuildFile; fileRef = 1A99CCA2283F52BE00CB36B3 /* JSONDecoderMock.swift */; };
		1A99CCA6283F53BD00CB36B3 /* URL+MockUsable.swift in Sources */ = {isa = PBXBuildFile; fileRef = 1A99CCA5283F53BD00CB36B3 /* URL+MockUsable.swift */; };
		1A99CCA8283F548200CB36B3 /* Data+MockUsable.swift in Sources */ = {isa = PBXBuildFile; fileRef = 1A99CCA7283F548200CB36B3 /* Data+MockUsable.swift */; };
		1A99CCAA283F5D0D00CB36B3 /* LeagueService.swift in Sources */ = {isa = PBXBuildFile; fileRef = 1A99CCA9283F5D0D00CB36B3 /* LeagueService.swift */; };
		1A99CCAC283F5EDC00CB36B3 /* JSONServiceMock.swift in Sources */ = {isa = PBXBuildFile; fileRef = 1A99CCAB283F5EDC00CB36B3 /* JSONServiceMock.swift */; };
		1A99CCAE283F5F5900CB36B3 /* LeagueServiceTests.swift in Sources */ = {isa = PBXBuildFile; fileRef = 1A99CCAD283F5F5900CB36B3 /* LeagueServiceTests.swift */; };
		1A99CCB0283F62C200CB36B3 /* Team.swift in Sources */ = {isa = PBXBuildFile; fileRef = 1A99CCAF283F62C200CB36B3 /* Team.swift */; };
		1A99CCB2283F631500CB36B3 /* TeamService.swift in Sources */ = {isa = PBXBuildFile; fileRef = 1A99CCB1283F631500CB36B3 /* TeamService.swift */; };
		1A99CCB4283F64C800CB36B3 /* TeamServiceTests.swift in Sources */ = {isa = PBXBuildFile; fileRef = 1A99CCB3283F64C800CB36B3 /* TeamServiceTests.swift */; };
		1A99CCB6283F710000CB36B3 /* TeamDetailsViewController.swift in Sources */ = {isa = PBXBuildFile; fileRef = 1A99CCB5283F710000CB36B3 /* TeamDetailsViewController.swift */; };
		1A99CCB8283F71B100CB36B3 /* MainViewPresenter.swift in Sources */ = {isa = PBXBuildFile; fileRef = 1A99CCB7283F71B100CB36B3 /* MainViewPresenter.swift */; };
/* End PBXBuildFile section */

/* Begin PBXContainerItemProxy section */
		1A99CC8B283F4C1F00CB36B3 /* PBXContainerItemProxy */ = {
			isa = PBXContainerItemProxy;
			containerPortal = 1A99CC60283F4B9600CB36B3 /* Project object */;
			proxyType = 1;
			remoteGlobalIDString = 1A99CC67283F4B9600CB36B3;
			remoteInfo = MyFootball;
		};
/* End PBXContainerItemProxy section */

/* Begin PBXFileReference section */
		1A99CC68283F4B9600CB36B3 /* MyFootball.app */ = {isa = PBXFileReference; explicitFileType = wrapper.application; includeInIndex = 0; path = MyFootball.app; sourceTree = BUILT_PRODUCTS_DIR; };
		1A99CC6B283F4B9600CB36B3 /* AppDelegate.swift */ = {isa = PBXFileReference; lastKnownFileType = sourcecode.swift; path = AppDelegate.swift; sourceTree = "<group>"; };
		1A99CC6D283F4B9600CB36B3 /* SceneDelegate.swift */ = {isa = PBXFileReference; lastKnownFileType = sourcecode.swift; path = SceneDelegate.swift; sourceTree = "<group>"; };
		1A99CC6F283F4B9600CB36B3 /* MainViewController.swift */ = {isa = PBXFileReference; lastKnownFileType = sourcecode.swift; path = MainViewController.swift; sourceTree = "<group>"; };
		1A99CC72283F4B9600CB36B3 /* Base */ = {isa = PBXFileReference; lastKnownFileType = file.storyboard; name = Base; path = Base.lproj/Main.storyboard; sourceTree = "<group>"; };
		1A99CC74283F4B9B00CB36B3 /* Assets.xcassets */ = {isa = PBXFileReference; lastKnownFileType = folder.assetcatalog; path = Assets.xcassets; sourceTree = "<group>"; };
		1A99CC77283F4B9B00CB36B3 /* Base */ = {isa = PBXFileReference; lastKnownFileType = file.storyboard; name = Base; path = Base.lproj/LaunchScreen.storyboard; sourceTree = "<group>"; };
		1A99CC79283F4B9B00CB36B3 /* Info.plist */ = {isa = PBXFileReference; lastKnownFileType = text.plist.xml; path = Info.plist; sourceTree = "<group>"; };
		1A99CC87283F4C1F00CB36B3 /* MyFootballTests.xctest */ = {isa = PBXFileReference; explicitFileType = wrapper.cfbundle; includeInIndex = 0; path = MyFootballTests.xctest; sourceTree = BUILT_PRODUCTS_DIR; };
		1A99CC96283F4F1200CB36B3 /* JSONService.swift */ = {isa = PBXFileReference; lastKnownFileType = sourcecode.swift; path = JSONService.swift; sourceTree = "<group>"; };
		1A99CC98283F514500CB36B3 /* League.swift */ = {isa = PBXFileReference; lastKnownFileType = sourcecode.swift; path = League.swift; sourceTree = "<group>"; };
		1A99CC9B283F51B900CB36B3 /* JSONServiceTests.swift */ = {isa = PBXFileReference; lastKnownFileType = sourcecode.swift; path = JSONServiceTests.swift; sourceTree = "<group>"; };
		1A99CC9E283F524600CB36B3 /* URLSessionMock.swift */ = {isa = PBXFileReference; lastKnownFileType = sourcecode.swift; path = URLSessionMock.swift; sourceTree = "<group>"; };
		1A99CCA0283F527B00CB36B3 /* URLSessionDataTaskMock.swift */ = {isa = PBXFileReference; lastKnownFileType = sourcecode.swift; path = URLSessionDataTaskMock.swift; sourceTree = "<group>"; };
		1A99CCA2283F52BE00CB36B3 /* JSONDecoderMock.swift */ = {isa = PBXFileReference; lastKnownFileType = sourcecode.swift; path = JSONDecoderMock.swift; sourceTree = "<group>"; };
		1A99CCA5283F53BD00CB36B3 /* URL+MockUsable.swift */ = {isa = PBXFileReference; lastKnownFileType = sourcecode.swift; path = "URL+MockUsable.swift"; sourceTree = "<group>"; };
		1A99CCA7283F548200CB36B3 /* Data+MockUsable.swift */ = {isa = PBXFileReference; lastKnownFileType = sourcecode.swift; path = "Data+MockUsable.swift"; sourceTree = "<group>"; };
		1A99CCA9283F5D0D00CB36B3 /* LeagueService.swift */ = {isa = PBXFileReference; lastKnownFileType = sourcecode.swift; path = LeagueService.swift; sourceTree = "<group>"; };
		1A99CCAB283F5EDC00CB36B3 /* JSONServiceMock.swift */ = {isa = PBXFileReference; lastKnownFileType = sourcecode.swift; path = JSONServiceMock.swift; sourceTree = "<group>"; };
		1A99CCAD283F5F5900CB36B3 /* LeagueServiceTests.swift */ = {isa = PBXFileReference; lastKnownFileType = sourcecode.swift; path = LeagueServiceTests.swift; sourceTree = "<group>"; };
		1A99CCAF283F62C200CB36B3 /* Team.swift */ = {isa = PBXFileReference; lastKnownFileType = sourcecode.swift; path = Team.swift; sourceTree = "<group>"; };
		1A99CCB1283F631500CB36B3 /* TeamService.swift */ = {isa = PBXFileReference; lastKnownFileType = sourcecode.swift; path = TeamService.swift; sourceTree = "<group>"; };
		1A99CCB3283F64C800CB36B3 /* TeamServiceTests.swift */ = {isa = PBXFileReference; lastKnownFileType = sourcecode.swift; path = TeamServiceTests.swift; sourceTree = "<group>"; };
		1A99CCB5283F710000CB36B3 /* TeamDetailsViewController.swift */ = {isa = PBXFileReference; lastKnownFileType = sourcecode.swift; path = TeamDetailsViewController.swift; sourceTree = "<group>"; };
		1A99CCB7283F71B100CB36B3 /* MainViewPresenter.swift */ = {isa = PBXFileReference; lastKnownFileType = sourcecode.swift; path = MainViewPresenter.swift; sourceTree = "<group>"; };
/* End PBXFileReference section */

/* Begin PBXFrameworksBuildPhase section */
		1A99CC65283F4B9600CB36B3 /* Frameworks */ = {
			isa = PBXFrameworksBuildPhase;
			buildActionMask = 2147483647;
			files = (
			);
			runOnlyForDeploymentPostprocessing = 0;
		};
		1A99CC84283F4C1F00CB36B3 /* Frameworks */ = {
			isa = PBXFrameworksBuildPhase;
			buildActionMask = 2147483647;
			files = (
				1A99CC92283F4D5B00CB36B3 /* InstantMock in Frameworks */,
			);
			runOnlyForDeploymentPostprocessing = 0;
		};
/* End PBXFrameworksBuildPhase section */

/* Begin PBXGroup section */
		1A99CC5F283F4B9600CB36B3 = {
			isa = PBXGroup;
			children = (
				1A99CC6A283F4B9600CB36B3 /* MyFootball */,
				1A99CC88283F4C1F00CB36B3 /* MyFootballTests */,
				1A99CC69283F4B9600CB36B3 /* Products */,
			);
			sourceTree = "<group>";
		};
		1A99CC69283F4B9600CB36B3 /* Products */ = {
			isa = PBXGroup;
			children = (
				1A99CC68283F4B9600CB36B3 /* MyFootball.app */,
				1A99CC87283F4C1F00CB36B3 /* MyFootballTests.xctest */,
			);
			name = Products;
			sourceTree = "<group>";
		};
		1A99CC6A283F4B9600CB36B3 /* MyFootball */ = {
			isa = PBXGroup;
			children = (
				1A99CC7F283F4BC900CB36B3 /* App */,
				1A99CC82283F4BEB00CB36B3 /* Presenters */,
				1A99CC81283F4BE400CB36B3 /* Models */,
				1A99CC80283F4BDB00CB36B3 /* Views */,
				1A99CC74283F4B9B00CB36B3 /* Assets.xcassets */,
				1A99CC79283F4B9B00CB36B3 /* Info.plist */,
			);
			path = MyFootball;
			sourceTree = "<group>";
		};
		1A99CC7F283F4BC900CB36B3 /* App */ = {
			isa = PBXGroup;
			children = (
				1A99CC6B283F4B9600CB36B3 /* AppDelegate.swift */,
				1A99CC6D283F4B9600CB36B3 /* SceneDelegate.swift */,
			);
			path = App;
			sourceTree = "<group>";
		};
		1A99CC80283F4BDB00CB36B3 /* Views */ = {
			isa = PBXGroup;
			children = (
				1A99CC6F283F4B9600CB36B3 /* MainViewController.swift */,
				1A99CCB5283F710000CB36B3 /* TeamDetailsViewController.swift */,
				1A99CC71283F4B9600CB36B3 /* Main.storyboard */,
				1A99CC76283F4B9B00CB36B3 /* LaunchScreen.storyboard */,
			);
			path = Views;
			sourceTree = "<group>";
		};
		1A99CC81283F4BE400CB36B3 /* Models */ = {
			isa = PBXGroup;
			children = (
				1A99CC98283F514500CB36B3 /* League.swift */,
				1A99CCAF283F62C200CB36B3 /* Team.swift */,
			);
			path = Models;
			sourceTree = "<group>";
		};
		1A99CC82283F4BEB00CB36B3 /* Presenters */ = {
			isa = PBXGroup;
			children = (
				1A99CCB7283F71B100CB36B3 /* MainViewPresenter.swift */,
				1A99CC95283F4EFF00CB36B3 /* Services */,
			);
			path = Presenters;
			sourceTree = "<group>";
		};
		1A99CC88283F4C1F00CB36B3 /* MyFootballTests */ = {
			isa = PBXGroup;
			children = (
				1A99CC9D283F523000CB36B3 /* Mocks */,
				1A99CC94283F4EEA00CB36B3 /* Presenters */,
			);
			path = MyFootballTests;
			sourceTree = "<group>";
		};
		1A99CC94283F4EEA00CB36B3 /* Presenters */ = {
			isa = PBXGroup;
			children = (
				1A99CC9A283F519200CB36B3 /* Services */,
			);
			path = Presenters;
			sourceTree = "<group>";
		};
		1A99CC95283F4EFF00CB36B3 /* Services */ = {
			isa = PBXGroup;
			children = (
				1A99CCA9283F5D0D00CB36B3 /* LeagueService.swift */,
				1A99CC96283F4F1200CB36B3 /* JSONService.swift */,
				1A99CCB1283F631500CB36B3 /* TeamService.swift */,
			);
			path = Services;
			sourceTree = "<group>";
		};
		1A99CC9A283F519200CB36B3 /* Services */ = {
			isa = PBXGroup;
			children = (
				1A99CCAD283F5F5900CB36B3 /* LeagueServiceTests.swift */,
				1A99CC9B283F51B900CB36B3 /* JSONServiceTests.swift */,
				1A99CCB3283F64C800CB36B3 /* TeamServiceTests.swift */,
			);
			path = Services;
			sourceTree = "<group>";
		};
		1A99CC9D283F523000CB36B3 /* Mocks */ = {
			isa = PBXGroup;
			children = (
				1A99CCA2283F52BE00CB36B3 /* JSONDecoderMock.swift */,
				1A99CCAB283F5EDC00CB36B3 /* JSONServiceMock.swift */,
				1A99CC9E283F524600CB36B3 /* URLSessionMock.swift */,
				1A99CCA0283F527B00CB36B3 /* URLSessionDataTaskMock.swift */,
				1A99CCA4283F52F600CB36B3 /* MockUsable */,
			);
			path = Mocks;
			sourceTree = "<group>";
		};
		1A99CCA4283F52F600CB36B3 /* MockUsable */ = {
			isa = PBXGroup;
			children = (
				1A99CCA5283F53BD00CB36B3 /* URL+MockUsable.swift */,
				1A99CCA7283F548200CB36B3 /* Data+MockUsable.swift */,
			);
			path = MockUsable;
			sourceTree = "<group>";
		};
/* End PBXGroup section */

/* Begin PBXNativeTarget section */
		1A99CC67283F4B9600CB36B3 /* MyFootball */ = {
			isa = PBXNativeTarget;
			buildConfigurationList = 1A99CC7C283F4B9B00CB36B3 /* Build configuration list for PBXNativeTarget "MyFootball" */;
			buildPhases = (
				1A99CC64283F4B9600CB36B3 /* Sources */,
				1A99CC65283F4B9600CB36B3 /* Frameworks */,
				1A99CC66283F4B9600CB36B3 /* Resources */,
			);
			buildRules = (
			);
			dependencies = (
			);
			name = MyFootball;
			productName = MyFootball;
			productReference = 1A99CC68283F4B9600CB36B3 /* MyFootball.app */;
			productType = "com.apple.product-type.application";
		};
		1A99CC86283F4C1F00CB36B3 /* MyFootballTests */ = {
			isa = PBXNativeTarget;
			buildConfigurationList = 1A99CC8D283F4C1F00CB36B3 /* Build configuration list for PBXNativeTarget "MyFootballTests" */;
			buildPhases = (
				1A99CC83283F4C1F00CB36B3 /* Sources */,
				1A99CC84283F4C1F00CB36B3 /* Frameworks */,
				1A99CC85283F4C1F00CB36B3 /* Resources */,
			);
			buildRules = (
			);
			dependencies = (
				1A99CC8C283F4C1F00CB36B3 /* PBXTargetDependency */,
			);
			name = MyFootballTests;
			packageProductDependencies = (
				1A99CC91283F4D5B00CB36B3 /* InstantMock */,
			);
			productName = MyFootballTests;
			productReference = 1A99CC87283F4C1F00CB36B3 /* MyFootballTests.xctest */;
			productType = "com.apple.product-type.bundle.unit-test";
		};
/* End PBXNativeTarget section */

/* Begin PBXProject section */
		1A99CC60283F4B9600CB36B3 /* Project object */ = {
			isa = PBXProject;
			attributes = {
				BuildIndependentTargetsInParallel = 1;
				LastSwiftUpdateCheck = 1340;
				LastUpgradeCheck = 1340;
				TargetAttributes = {
					1A99CC67283F4B9600CB36B3 = {
						CreatedOnToolsVersion = 13.4;
					};
					1A99CC86283F4C1F00CB36B3 = {
						CreatedOnToolsVersion = 13.4;
						LastSwiftMigration = 1340;
						TestTargetID = 1A99CC67283F4B9600CB36B3;
					};
				};
			};
			buildConfigurationList = 1A99CC63283F4B9600CB36B3 /* Build configuration list for PBXProject "MyFootball" */;
			compatibilityVersion = "Xcode 13.0";
			developmentRegion = en;
			hasScannedForEncodings = 0;
			knownRegions = (
				en,
				Base,
			);
			mainGroup = 1A99CC5F283F4B9600CB36B3;
			packageReferences = (
				1A99CC90283F4D5B00CB36B3 /* XCRemoteSwiftPackageReference "InstantMock" */,
			);
			productRefGroup = 1A99CC69283F4B9600CB36B3 /* Products */;
			projectDirPath = "";
			projectRoot = "";
			targets = (
				1A99CC67283F4B9600CB36B3 /* MyFootball */,
				1A99CC86283F4C1F00CB36B3 /* MyFootballTests */,
			);
		};
/* End PBXProject section */

/* Begin PBXResourcesBuildPhase section */
		1A99CC66283F4B9600CB36B3 /* Resources */ = {
			isa = PBXResourcesBuildPhase;
			buildActionMask = 2147483647;
			files = (
				1A99CC78283F4B9B00CB36B3 /* LaunchScreen.storyboard in Resources */,
				1A99CC75283F4B9B00CB36B3 /* Assets.xcassets in Resources */,
				1A99CC73283F4B9600CB36B3 /* Main.storyboard in Resources */,
			);
			runOnlyForDeploymentPostprocessing = 0;
		};
		1A99CC85283F4C1F00CB36B3 /* Resources */ = {
			isa = PBXResourcesBuildPhase;
			buildActionMask = 2147483647;
			files = (
			);
			runOnlyForDeploymentPostprocessing = 0;
		};
/* End PBXResourcesBuildPhase section */

/* Begin PBXSourcesBuildPhase section */
		1A99CC64283F4B9600CB36B3 /* Sources */ = {
			isa = PBXSourcesBuildPhase;
			buildActionMask = 2147483647;
			files = (
				1A99CC70283F4B9600CB36B3 /* MainViewController.swift in Sources */,
				1A99CC6C283F4B9600CB36B3 /* AppDelegate.swift in Sources */,
				1A99CCB8283F71B100CB36B3 /* MainViewPresenter.swift in Sources */,
				1A99CCB0283F62C200CB36B3 /* Team.swift in Sources */,
				1A99CC6E283F4B9600CB36B3 /* SceneDelegate.swift in Sources */,
				1A99CCB2283F631500CB36B3 /* TeamService.swift in Sources */,
				1A99CC99283F514500CB36B3 /* League.swift in Sources */,
				1A99CCAA283F5D0D00CB36B3 /* LeagueService.swift in Sources */,
				1A99CCB6283F710000CB36B3 /* TeamDetailsViewController.swift in Sources */,
				1A99CC97283F4F1200CB36B3 /* JSONService.swift in Sources */,
			);
			runOnlyForDeploymentPostprocessing = 0;
		};
		1A99CC83283F4C1F00CB36B3 /* Sources */ = {
			isa = PBXSourcesBuildPhase;
			buildActionMask = 2147483647;
			files = (
				1A99CCA1283F527B00CB36B3 /* URLSessionDataTaskMock.swift in Sources */,
				1A99CCA8283F548200CB36B3 /* Data+MockUsable.swift in Sources */,
				1A99CCAE283F5F5900CB36B3 /* LeagueServiceTests.swift in Sources */,
				1A99CC9F283F524600CB36B3 /* URLSessionMock.swift in Sources */,
				1A99CCA6283F53BD00CB36B3 /* URL+MockUsable.swift in Sources */,
				1A99CCA3283F52BE00CB36B3 /* JSONDecoderMock.swift in Sources */,
				1A99CCAC283F5EDC00CB36B3 /* JSONServiceMock.swift in Sources */,
				1A99CC9C283F51B900CB36B3 /* JSONServiceTests.swift in Sources */,
				1A99CCB4283F64C800CB36B3 /* TeamServiceTests.swift in Sources */,
			);
			runOnlyForDeploymentPostprocessing = 0;
		};
/* End PBXSourcesBuildPhase section */

/* Begin PBXTargetDependency section */
		1A99CC8C283F4C1F00CB36B3 /* PBXTargetDependency */ = {
			isa = PBXTargetDependency;
			target = 1A99CC67283F4B9600CB36B3 /* MyFootball */;
			targetProxy = 1A99CC8B283F4C1F00CB36B3 /* PBXContainerItemProxy */;
		};
/* End PBXTargetDependency section */

/* Begin PBXVariantGroup section */
		1A99CC71283F4B9600CB36B3 /* Main.storyboard */ = {
			isa = PBXVariantGroup;
			children = (
				1A99CC72283F4B9600CB36B3 /* Base */,
			);
			name = Main.storyboard;
			sourceTree = "<group>";
		};
		1A99CC76283F4B9B00CB36B3 /* LaunchScreen.storyboard */ = {
			isa = PBXVariantGroup;
			children = (
				1A99CC77283F4B9B00CB36B3 /* Base */,
			);
			name = LaunchScreen.storyboard;
			sourceTree = "<group>";
		};
/* End PBXVariantGroup section */

/* Begin XCBuildConfiguration section */
		1A99CC7A283F4B9B00CB36B3 /* Debug */ = {
			isa = XCBuildConfiguration;
			buildSettings = {
				ALWAYS_SEARCH_USER_PATHS = NO;
				CLANG_ANALYZER_NONNULL = YES;
				CLANG_ANALYZER_NUMBER_OBJECT_CONVERSION = YES_AGGRESSIVE;
				CLANG_CXX_LANGUAGE_STANDARD = "gnu++17";
				CLANG_ENABLE_MODULES = YES;
				CLANG_ENABLE_OBJC_ARC = YES;
				CLANG_ENABLE_OBJC_WEAK = YES;
				CLANG_WARN_BLOCK_CAPTURE_AUTORELEASING = YES;
				CLANG_WARN_BOOL_CONVERSION = YES;
				CLANG_WARN_COMMA = YES;
				CLANG_WARN_CONSTANT_CONVERSION = YES;
				CLANG_WARN_DEPRECATED_OBJC_IMPLEMENTATIONS = YES;
				CLANG_WARN_DIRECT_OBJC_ISA_USAGE = YES_ERROR;
				CLANG_WARN_DOCUMENTATION_COMMENTS = YES;
				CLANG_WARN_EMPTY_BODY = YES;
				CLANG_WARN_ENUM_CONVERSION = YES;
				CLANG_WARN_INFINITE_RECURSION = YES;
				CLANG_WARN_INT_CONVERSION = YES;
				CLANG_WARN_NON_LITERAL_NULL_CONVERSION = YES;
				CLANG_WARN_OBJC_IMPLICIT_RETAIN_SELF = YES;
				CLANG_WARN_OBJC_LITERAL_CONVERSION = YES;
				CLANG_WARN_OBJC_ROOT_CLASS = YES_ERROR;
				CLANG_WARN_QUOTED_INCLUDE_IN_FRAMEWORK_HEADER = YES;
				CLANG_WARN_RANGE_LOOP_ANALYSIS = YES;
				CLANG_WARN_STRICT_PROTOTYPES = YES;
				CLANG_WARN_SUSPICIOUS_MOVE = YES;
				CLANG_WARN_UNGUARDED_AVAILABILITY = YES_AGGRESSIVE;
				CLANG_WARN_UNREACHABLE_CODE = YES;
				CLANG_WARN__DUPLICATE_METHOD_MATCH = YES;
				COPY_PHASE_STRIP = NO;
				DEBUG_INFORMATION_FORMAT = dwarf;
				ENABLE_STRICT_OBJC_MSGSEND = YES;
				ENABLE_TESTABILITY = YES;
				GCC_C_LANGUAGE_STANDARD = gnu11;
				GCC_DYNAMIC_NO_PIC = NO;
				GCC_NO_COMMON_BLOCKS = YES;
				GCC_OPTIMIZATION_LEVEL = 0;
				GCC_PREPROCESSOR_DEFINITIONS = (
					"DEBUG=1",
					"$(inherited)",
				);
				GCC_WARN_64_TO_32_BIT_CONVERSION = YES;
				GCC_WARN_ABOUT_RETURN_TYPE = YES_ERROR;
				GCC_WARN_UNDECLARED_SELECTOR = YES;
				GCC_WARN_UNINITIALIZED_AUTOS = YES_AGGRESSIVE;
				GCC_WARN_UNUSED_FUNCTION = YES;
				GCC_WARN_UNUSED_VARIABLE = YES;
				IPHONEOS_DEPLOYMENT_TARGET = 15.5;
				MTL_ENABLE_DEBUG_INFO = INCLUDE_SOURCE;
				MTL_FAST_MATH = YES;
				ONLY_ACTIVE_ARCH = YES;
				SDKROOT = iphoneos;
				SWIFT_ACTIVE_COMPILATION_CONDITIONS = DEBUG;
				SWIFT_OPTIMIZATION_LEVEL = "-Onone";
			};
			name = Debug;
		};
		1A99CC7B283F4B9B00CB36B3 /* Release */ = {
			isa = XCBuildConfiguration;
			buildSettings = {
				ALWAYS_SEARCH_USER_PATHS = NO;
				CLANG_ANALYZER_NONNULL = YES;
				CLANG_ANALYZER_NUMBER_OBJECT_CONVERSION = YES_AGGRESSIVE;
				CLANG_CXX_LANGUAGE_STANDARD = "gnu++17";
				CLANG_ENABLE_MODULES = YES;
				CLANG_ENABLE_OBJC_ARC = YES;
				CLANG_ENABLE_OBJC_WEAK = YES;
				CLANG_WARN_BLOCK_CAPTURE_AUTORELEASING = YES;
				CLANG_WARN_BOOL_CONVERSION = YES;
				CLANG_WARN_COMMA = YES;
				CLANG_WARN_CONSTANT_CONVERSION = YES;
				CLANG_WARN_DEPRECATED_OBJC_IMPLEMENTATIONS = YES;
				CLANG_WARN_DIRECT_OBJC_ISA_USAGE = YES_ERROR;
				CLANG_WARN_DOCUMENTATION_COMMENTS = YES;
				CLANG_WARN_EMPTY_BODY = YES;
				CLANG_WARN_ENUM_CONVERSION = YES;
				CLANG_WARN_INFINITE_RECURSION = YES;
				CLANG_WARN_INT_CONVERSION = YES;
				CLANG_WARN_NON_LITERAL_NULL_CONVERSION = YES;
				CLANG_WARN_OBJC_IMPLICIT_RETAIN_SELF = YES;
				CLANG_WARN_OBJC_LITERAL_CONVERSION = YES;
				CLANG_WARN_OBJC_ROOT_CLASS = YES_ERROR;
				CLANG_WARN_QUOTED_INCLUDE_IN_FRAMEWORK_HEADER = YES;
				CLANG_WARN_RANGE_LOOP_ANALYSIS = YES;
				CLANG_WARN_STRICT_PROTOTYPES = YES;
				CLANG_WARN_SUSPICIOUS_MOVE = YES;
				CLANG_WARN_UNGUARDED_AVAILABILITY = YES_AGGRESSIVE;
				CLANG_WARN_UNREACHABLE_CODE = YES;
				CLANG_WARN__DUPLICATE_METHOD_MATCH = YES;
				COPY_PHASE_STRIP = NO;
				DEBUG_INFORMATION_FORMAT = "dwarf-with-dsym";
				ENABLE_NS_ASSERTIONS = NO;
				ENABLE_STRICT_OBJC_MSGSEND = YES;
				GCC_C_LANGUAGE_STANDARD = gnu11;
				GCC_NO_COMMON_BLOCKS = YES;
				GCC_WARN_64_TO_32_BIT_CONVERSION = YES;
				GCC_WARN_ABOUT_RETURN_TYPE = YES_ERROR;
				GCC_WARN_UNDECLARED_SELECTOR = YES;
				GCC_WARN_UNINITIALIZED_AUTOS = YES_AGGRESSIVE;
				GCC_WARN_UNUSED_FUNCTION = YES;
				GCC_WARN_UNUSED_VARIABLE = YES;
				IPHONEOS_DEPLOYMENT_TARGET = 15.5;
				MTL_ENABLE_DEBUG_INFO = NO;
				MTL_FAST_MATH = YES;
				SDKROOT = iphoneos;
				SWIFT_COMPILATION_MODE = wholemodule;
				SWIFT_OPTIMIZATION_LEVEL = "-O";
				VALIDATE_PRODUCT = YES;
			};
			name = Release;
		};
		1A99CC7D283F4B9B00CB36B3 /* Debug */ = {
			isa = XCBuildConfiguration;
			buildSettings = {
				ASSETCATALOG_COMPILER_APPICON_NAME = AppIcon;
				ASSETCATALOG_COMPILER_GLOBAL_ACCENT_COLOR_NAME = AccentColor;
				CODE_SIGN_STYLE = Automatic;
				CURRENT_PROJECT_VERSION = 1;
				DEVELOPMENT_TEAM = UPA8L237T8;
				GENERATE_INFOPLIST_FILE = YES;
				INFOPLIST_FILE = MyFootball/Info.plist;
				INFOPLIST_KEY_UIApplicationSupportsIndirectInputEvents = YES;
				INFOPLIST_KEY_UILaunchStoryboardName = LaunchScreen;
				INFOPLIST_KEY_UIMainStoryboardFile = Main;
				INFOPLIST_KEY_UISupportedInterfaceOrientations_iPad = "UIInterfaceOrientationPortrait UIInterfaceOrientationPortraitUpsideDown UIInterfaceOrientationLandscapeLeft UIInterfaceOrientationLandscapeRight";
				INFOPLIST_KEY_UISupportedInterfaceOrientations_iPhone = "UIInterfaceOrientationPortrait UIInterfaceOrientationLandscapeLeft UIInterfaceOrientationLandscapeRight";
				LD_RUNPATH_SEARCH_PATHS = (
					"$(inherited)",
					"@executable_path/Frameworks",
				);
				MARKETING_VERSION = 1.0;
				PRODUCT_BUNDLE_IDENTIFIER = rme.MyFootball;
				PRODUCT_NAME = "$(TARGET_NAME)";
				SWIFT_EMIT_LOC_STRINGS = YES;
				SWIFT_VERSION = 5.0;
				TARGETED_DEVICE_FAMILY = "1,2";
			};
			name = Debug;
		};
		1A99CC7E283F4B9B00CB36B3 /* Release */ = {
			isa = XCBuildConfiguration;
			buildSettings = {
				ASSETCATALOG_COMPILER_APPICON_NAME = AppIcon;
				ASSETCATALOG_COMPILER_GLOBAL_ACCENT_COLOR_NAME = AccentColor;
				CODE_SIGN_STYLE = Automatic;
				CURRENT_PROJECT_VERSION = 1;
				DEVELOPMENT_TEAM = UPA8L237T8;
				GENERATE_INFOPLIST_FILE = YES;
				INFOPLIST_FILE = MyFootball/Info.plist;
				INFOPLIST_KEY_UIApplicationSupportsIndirectInputEvents = YES;
				INFOPLIST_KEY_UILaunchStoryboardName = LaunchScreen;
				INFOPLIST_KEY_UIMainStoryboardFile = Main;
				INFOPLIST_KEY_UISupportedInterfaceOrientations_iPad = "UIInterfaceOrientationPortrait UIInterfaceOrientationPortraitUpsideDown UIInterfaceOrientationLandscapeLeft UIInterfaceOrientationLandscapeRight";
				INFOPLIST_KEY_UISupportedInterfaceOrientations_iPhone = "UIInterfaceOrientationPortrait UIInterfaceOrientationLandscapeLeft UIInterfaceOrientationLandscapeRight";
				LD_RUNPATH_SEARCH_PATHS = (
					"$(inherited)",
					"@executable_path/Frameworks",
				);
				MARKETING_VERSION = 1.0;
				PRODUCT_BUNDLE_IDENTIFIER = rme.MyFootball;
				PRODUCT_NAME = "$(TARGET_NAME)";
				SWIFT_EMIT_LOC_STRINGS = YES;
				SWIFT_VERSION = 5.0;
				TARGETED_DEVICE_FAMILY = "1,2";
			};
			name = Release;
		};
		1A99CC8E283F4C1F00CB36B3 /* Debug */ = {
			isa = XCBuildConfiguration;
			buildSettings = {
				BUNDLE_LOADER = "$(TEST_HOST)";
				CLANG_ENABLE_MODULES = YES;
				CODE_SIGN_STYLE = Automatic;
				CURRENT_PROJECT_VERSION = 1;
				DEVELOPMENT_TEAM = UPA8L237T8;
				GENERATE_INFOPLIST_FILE = YES;
				LD_RUNPATH_SEARCH_PATHS = (
					"$(inherited)",
					"@executable_path/Frameworks",
					"@loader_path/Frameworks",
				);
				MARKETING_VERSION = 1.0;
				PRODUCT_BUNDLE_IDENTIFIER = rme.MyFootballTests;
				PRODUCT_NAME = "$(TARGET_NAME)";
				SWIFT_EMIT_LOC_STRINGS = NO;
				SWIFT_OPTIMIZATION_LEVEL = "-Onone";
				SWIFT_VERSION = 5.0;
				TARGETED_DEVICE_FAMILY = "1,2";
				TEST_HOST = "$(BUILT_PRODUCTS_DIR)/MyFootball.app/MyFootball";
			};
			name = Debug;
		};
		1A99CC8F283F4C1F00CB36B3 /* Release */ = {
			isa = XCBuildConfiguration;
			buildSettings = {
				BUNDLE_LOADER = "$(TEST_HOST)";
				CLANG_ENABLE_MODULES = YES;
				CODE_SIGN_STYLE = Automatic;
				CURRENT_PROJECT_VERSION = 1;
				DEVELOPMENT_TEAM = UPA8L237T8;
				GENERATE_INFOPLIST_FILE = YES;
				LD_RUNPATH_SEARCH_PATHS = (
					"$(inherited)",
					"@executable_path/Frameworks",
					"@loader_path/Frameworks",
				);
				MARKETING_VERSION = 1.0;
				PRODUCT_BUNDLE_IDENTIFIER = rme.MyFootballTests;
				PRODUCT_NAME = "$(TARGET_NAME)";
				SWIFT_EMIT_LOC_STRINGS = NO;
				SWIFT_VERSION = 5.0;
				TARGETED_DEVICE_FAMILY = "1,2";
				TEST_HOST = "$(BUILT_PRODUCTS_DIR)/MyFootball.app/MyFootball";
			};
			name = Release;
		};
/* End XCBuildConfiguration section */

/* Begin XCConfigurationList section */
		1A99CC63283F4B9600CB36B3 /* Build configuration list for PBXProject "MyFootball" */ = {
			isa = XCConfigurationList;
			buildConfigurations = (
				1A99CC7A283F4B9B00CB36B3 /* Debug */,
				1A99CC7B283F4B9B00CB36B3 /* Release */,
			);
			defaultConfigurationIsVisible = 0;
			defaultConfigurationName = Release;
		};
		1A99CC7C283F4B9B00CB36B3 /* Build configuration list for PBXNativeTarget "MyFootball" */ = {
			isa = XCConfigurationList;
			buildConfigurations = (
				1A99CC7D283F4B9B00CB36B3 /* Debug */,
				1A99CC7E283F4B9B00CB36B3 /* Release */,
			);
			defaultConfigurationIsVisible = 0;
			defaultConfigurationName = Release;
		};
		1A99CC8D283F4C1F00CB36B3 /* Build configuration list for PBXNativeTarget "MyFootballTests" */ = {
			isa = XCConfigurationList;
			buildConfigurations = (
				1A99CC8E283F4C1F00CB36B3 /* Debug */,
				1A99CC8F283F4C1F00CB36B3 /* Release */,
			);
			defaultConfigurationIsVisible = 0;
			defaultConfigurationName = Release;
		};
/* End XCConfigurationList section */

/* Begin XCRemoteSwiftPackageReference section */
		1A99CC90283F4D5B00CB36B3 /* XCRemoteSwiftPackageReference "InstantMock" */ = {
			isa = XCRemoteSwiftPackageReference;
			repositoryURL = "https://github.com/pirishd/InstantMock";
			requirement = {
				kind = exactVersion;
				version = 2.5.6;
			};
		};
/* End XCRemoteSwiftPackageReference section */

/* Begin XCSwiftPackageProductDependency section */
		1A99CC91283F4D5B00CB36B3 /* InstantMock */ = {
			isa = XCSwiftPackageProductDependency;
			package = 1A99CC90283F4D5B00CB36B3 /* XCRemoteSwiftPackageReference "InstantMock" */;
			productName = InstantMock;
		};
/* End XCSwiftPackageProductDependency section */
	};
	rootObject = 1A99CC60283F4B9600CB36B3 /* Project object */;
}
